
Microsoft Visual Studio Solution File, Format Version 12.00
# Visual Studio Version 17
VisualStudioVersion = 17.9.34728.123
MinimumVisualStudioVersion = 10.0.40219.1
Project("{FAE04EC0-301F-11D3-BF4B-00C04F79EFBC}") = "Ranshen's Flash", "Ranshen's Flash.csproj", "{DE7625A9-248E-4521-A065-5573F0BFD849}"
EndProject
Global
	GlobalSection(SolutionConfigurationPlatforms) = preSolution
		Debug|Any CPU = Debug|Any CPU
		Release|Any CPU = Release|Any CPU
	EndGlobalSection
	GlobalSection(ProjectConfigurationPlatforms) = postSolution
		{DE7625A9-248E-4521-A065-5573F0BFD849}.Debug|Any CPU.ActiveCfg = Debug|Any CPU
		{DE7625A9-248E-4521-A065-5573F0BFD849}.Debug|Any CPU.Build.0 = Debug|Any CPU
		{DE7625A9-248E-4521-A065-5573F0BFD849}.Release|Any CPU.ActiveCfg = Release|Any CPU
		{DE7625A9-248E-4521-A065-5573F0BFD849}.Release|Any CPU.Build.0 = Release|Any CPU
	EndGlobalSection
	GlobalSection(SolutionProperties) = preSolution
		HideSolutionNode = FALSE
	EndGlobalSection
	GlobalSection(ExtensibilityGlobals) = postSolution
		SolutionGuid = {7E7DE44B-B4E5-4598-8774-F0B114BCFD40}
	EndGlobalSection
EndGlobal
